
Microsoft Visual Studio Solution File, Format Version 12.00
# Visual Studio Version 17
VisualStudioVersion = 17.7.34009.444
MinimumVisualStudioVersion = 10.0.40219.1
Project("{FAE04EC0-301F-11D3-BF4B-00C04F79EFBC}") = "welabs", "welabs.csproj", "{AA7DBCFE-3076-45F6-A850-7F366ADE8911}"
EndProject
Project("{54435603-DBB4-11D2-8724-00A0C9A8B90C}") = "welabs-instal", "..\instalador\welabs-instal.vdproj", "{7B9A7BA3-3E3F-4A1E-BC22-2880804C8748}"
EndProject
Global
	GlobalSection(SolutionConfigurationPlatforms) = preSolution
		Debug|Any CPU = Debug|Any CPU
		Release|Any CPU = Release|Any CPU
	EndGlobalSection
	GlobalSection(ProjectConfigurationPlatforms) = postSolution
		{AA7DBCFE-3076-45F6-A850-7F366ADE8911}.Debug|Any CPU.ActiveCfg = Debug|Any CPU
		{AA7DBCFE-3076-45F6-A850-7F366ADE8911}.Debug|Any CPU.Build.0 = Debug|Any CPU
		{AA7DBCFE-3076-45F6-A850-7F366ADE8911}.Release|Any CPU.ActiveCfg = Release|Any CPU
		{AA7DBCFE-3076-45F6-A850-7F366ADE8911}.Release|Any CPU.Build.0 = Release|Any CPU
		{7B9A7BA3-3E3F-4A1E-BC22-2880804C8748}.Debug|Any CPU.ActiveCfg = Debug
		{7B9A7BA3-3E3F-4A1E-BC22-2880804C8748}.Release|Any CPU.ActiveCfg = Release
	EndGlobalSection
	GlobalSection(SolutionProperties) = preSolution
		HideSolutionNode = FALSE
	EndGlobalSection
	GlobalSection(ExtensibilityGlobals) = postSolution
		SolutionGuid = {724795A1-8FAE-4170-96D5-7F6847D126BA}
	EndGlobalSection
EndGlobal
